
Microsoft Visual Studio Solution File, Format Version 12.00
# Visual Studio Version 17
VisualStudioVersion = 17.12.35707.178
MinimumVisualStudioVersion = 10.0.40219.1
Project("{2150E333-8FDC-42A3-9474-1A3956D46DE8}") = "Services", "Services", "{A214C151-0602-42D8-9DE0-41BC2BC43F9E}"
EndProject
Project("{2150E333-8FDC-42A3-9474-1A3956D46DE8}") = "Catalog", "Catalog", "{E1EF063D-052C-491B-BBED-A06DFF758392}"
EndProject
Project("{FAE04EC0-301F-11D3-BF4B-00C04F79EFBC}") = "CatalogAPI", "Services\Catalog\CatalogAPI\CatalogAPI.csproj", "{66C33434-738E-4B58-9075-9EAD74CCF642}"
EndProject
Project("{2150E333-8FDC-42A3-9474-1A3956D46DE8}") = "BuildingBlocks", "BuildingBlocks", "{4746869D-7F07-4F62-87EB-A6BAFAAFF763}"
EndProject
Project("{FAE04EC0-301F-11D3-BF4B-00C04F79EFBC}") = "BuildingBlocks", "BuildingBlocks\BuildingBlocks\BuildingBlocks.csproj", "{7C70535E-1473-40B4-BD86-FF63EF456410}"
EndProject
Project("{E53339B2-1760-4266-BCC7-CA923CBCF16C}") = "docker-compose", "docker-compose.dcproj", "{B1D7C80B-23A7-42BD-B590-2BC703D57641}"
EndProject
Project("{2150E333-8FDC-42A3-9474-1A3956D46DE8}") = "Basket", "Basket", "{02EA681E-C7D8-13C7-8484-4AC65E1B71E8}"
EndProject
Project("{FAE04EC0-301F-11D3-BF4B-00C04F79EFBC}") = "Basket.API", "Services\Basket\Basket.API\Basket.API.csproj", "{3228AD40-AF30-4109-81DF-66863EF81CF4}"
EndProject
Project("{2150E333-8FDC-42A3-9474-1A3956D46DE8}") = "Discount", "Discount", "{F332CD19-CF60-4E71-A21F-A08087ACFF1F}"
EndProject
Project("{FAE04EC0-301F-11D3-BF4B-00C04F79EFBC}") = "Discount.Grpc", "Services\Discount\Discount.Grpc\Discount.Grpc.csproj", "{574D2CFF-21CA-4509-A09A-5B94523B9B71}"
EndProject
Project("{2150E333-8FDC-42A3-9474-1A3956D46DE8}") = "Ordering", "Ordering", "{0B5546B9-E235-4A59-A25D-4CB22075E24E}"
EndProject
Project("{FAE04EC0-301F-11D3-BF4B-00C04F79EFBC}") = "Ordering.API", "Services\Ordering\Ordering.API\Ordering.API.csproj", "{56130878-CBAC-43A8-B7D3-1F56A6D86502}"
EndProject
Project("{FAE04EC0-301F-11D3-BF4B-00C04F79EFBC}") = "Ordering.Domain", "Services\Ordering\Ordering.Domain\Ordering.Domain.csproj", "{6ECDC304-F8BE-4271-ADBD-56A293731C39}"
EndProject
Project("{FAE04EC0-301F-11D3-BF4B-00C04F79EFBC}") = "Ordering.Application", "Services\Ordering\Ordering.Application\Ordering.Application.csproj", "{0A6471E3-9F85-4BA2-845C-CC4CAA60AF0C}"
EndProject
Project("{FAE04EC0-301F-11D3-BF4B-00C04F79EFBC}") = "Ordering.Infrastructure", "Services\Ordering\Ordering.Infrastructure\Ordering.Infrastructure.csproj", "{8592C4E0-91FD-4E63-9BE4-6FDB5C290D26}"
EndProject
Project("{FAE04EC0-301F-11D3-BF4B-00C04F79EFBC}") = "BuildingBlocks.Messaging", "BuildingBlocks\BuildingBlocks.Messaging\BuildingBlocks.Messaging.csproj", "{8523EE57-CFAC-41F5-A8BD-0651DCEB35F9}"
EndProject
Project("{2150E333-8FDC-42A3-9474-1A3956D46DE8}") = "ApiGateways", "ApiGateways", "{7A451912-B7B2-48B2-9B86-9131F39E8657}"
EndProject
Project("{FAE04EC0-301F-11D3-BF4B-00C04F79EFBC}") = "YarpApiGateway", "ApiGateways\YarpApiGateway\YarpApiGateway.csproj", "{A5179AA9-E54E-412C-B548-3A3FCF778501}"
EndProject
Global
	GlobalSection(SolutionConfigurationPlatforms) = preSolution
		Debug|Any CPU = Debug|Any CPU
		Release|Any CPU = Release|Any CPU
	EndGlobalSection
	GlobalSection(ProjectConfigurationPlatforms) = postSolution
		{66C33434-738E-4B58-9075-9EAD74CCF642}.Debug|Any CPU.ActiveCfg = Debug|Any CPU
		{66C33434-738E-4B58-9075-9EAD74CCF642}.Debug|Any CPU.Build.0 = Debug|Any CPU
		{66C33434-738E-4B58-9075-9EAD74CCF642}.Release|Any CPU.ActiveCfg = Release|Any CPU
		{66C33434-738E-4B58-9075-9EAD74CCF642}.Release|Any CPU.Build.0 = Release|Any CPU
		{7C70535E-1473-40B4-BD86-FF63EF456410}.Debug|Any CPU.ActiveCfg = Debug|Any CPU
		{7C70535E-1473-40B4-BD86-FF63EF456410}.Debug|Any CPU.Build.0 = Debug|Any CPU
		{7C70535E-1473-40B4-BD86-FF63EF456410}.Release|Any CPU.ActiveCfg = Release|Any CPU
		{7C70535E-1473-40B4-BD86-FF63EF456410}.Release|Any CPU.Build.0 = Release|Any CPU
		{B1D7C80B-23A7-42BD-B590-2BC703D57641}.Debug|Any CPU.ActiveCfg = Debug|Any CPU
		{B1D7C80B-23A7-42BD-B590-2BC703D57641}.Debug|Any CPU.Build.0 = Debug|Any CPU
		{B1D7C80B-23A7-42BD-B590-2BC703D57641}.Release|Any CPU.ActiveCfg = Release|Any CPU
		{B1D7C80B-23A7-42BD-B590-2BC703D57641}.Release|Any CPU.Build.0 = Release|Any CPU
		{3228AD40-AF30-4109-81DF-66863EF81CF4}.Debug|Any CPU.ActiveCfg = Debug|Any CPU
		{3228AD40-AF30-4109-81DF-66863EF81CF4}.Debug|Any CPU.Build.0 = Debug|Any CPU
		{3228AD40-AF30-4109-81DF-66863EF81CF4}.Release|Any CPU.ActiveCfg = Release|Any CPU
		{3228AD40-AF30-4109-81DF-66863EF81CF4}.Release|Any CPU.Build.0 = Release|Any CPU
		{574D2CFF-21CA-4509-A09A-5B94523B9B71}.Debug|Any CPU.ActiveCfg = Debug|Any CPU
		{574D2CFF-21CA-4509-A09A-5B94523B9B71}.Debug|Any CPU.Build.0 = Debug|Any CPU
		{574D2CFF-21CA-4509-A09A-5B94523B9B71}.Release|Any CPU.ActiveCfg = Release|Any CPU
		{574D2CFF-21CA-4509-A09A-5B94523B9B71}.Release|Any CPU.Build.0 = Release|Any CPU
		{56130878-CBAC-43A8-B7D3-1F56A6D86502}.Debug|Any CPU.ActiveCfg = Debug|Any CPU
		{56130878-CBAC-43A8-B7D3-1F56A6D86502}.Debug|Any CPU.Build.0 = Debug|Any CPU
		{56130878-CBAC-43A8-B7D3-1F56A6D86502}.Release|Any CPU.ActiveCfg = Release|Any CPU
		{56130878-CBAC-43A8-B7D3-1F56A6D86502}.Release|Any CPU.Build.0 = Release|Any CPU
		{6ECDC304-F8BE-4271-ADBD-56A293731C39}.Debug|Any CPU.ActiveCfg = Debug|Any CPU
		{6ECDC304-F8BE-4271-ADBD-56A293731C39}.Debug|Any CPU.Build.0 = Debug|Any CPU
		{6ECDC304-F8BE-4271-ADBD-56A293731C39}.Release|Any CPU.ActiveCfg = Release|Any CPU
		{6ECDC304-F8BE-4271-ADBD-56A293731C39}.Release|Any CPU.Build.0 = Release|Any CPU
		{0A6471E3-9F85-4BA2-845C-CC4CAA60AF0C}.Debug|Any CPU.ActiveCfg = Debug|Any CPU
		{0A6471E3-9F85-4BA2-845C-CC4CAA60AF0C}.Debug|Any CPU.Build.0 = Debug|Any CPU
		{0A6471E3-9F85-4BA2-845C-CC4CAA60AF0C}.Release|Any CPU.ActiveCfg = Release|Any CPU
		{0A6471E3-9F85-4BA2-845C-CC4CAA60AF0C}.Release|Any CPU.Build.0 = Release|Any CPU
		{8592C4E0-91FD-4E63-9BE4-6FDB5C290D26}.Debug|Any CPU.ActiveCfg = Debug|Any CPU
		{8592C4E0-91FD-4E63-9BE4-6FDB5C290D26}.Debug|Any CPU.Build.0 = Debug|Any CPU
		{8592C4E0-91FD-4E63-9BE4-6FDB5C290D26}.Release|Any CPU.ActiveCfg = Release|Any CPU
		{8592C4E0-91FD-4E63-9BE4-6FDB5C290D26}.Release|Any CPU.Build.0 = Release|Any CPU
		{8523EE57-CFAC-41F5-A8BD-0651DCEB35F9}.Debug|Any CPU.ActiveCfg = Debug|Any CPU
		{8523EE57-CFAC-41F5-A8BD-0651DCEB35F9}.Debug|Any CPU.Build.0 = Debug|Any CPU
		{8523EE57-CFAC-41F5-A8BD-0651DCEB35F9}.Release|Any CPU.ActiveCfg = Release|Any CPU
		{8523EE57-CFAC-41F5-A8BD-0651DCEB35F9}.Release|Any CPU.Build.0 = Release|Any CPU
		{A5179AA9-E54E-412C-B548-3A3FCF778501}.Debug|Any CPU.ActiveCfg = Debug|Any CPU
		{A5179AA9-E54E-412C-B548-3A3FCF778501}.Debug|Any CPU.Build.0 = Debug|Any CPU
		{A5179AA9-E54E-412C-B548-3A3FCF778501}.Release|Any CPU.ActiveCfg = Release|Any CPU
		{A5179AA9-E54E-412C-B548-3A3FCF778501}.Release|Any CPU.Build.0 = Release|Any CPU
	EndGlobalSection
	GlobalSection(SolutionProperties) = preSolution
		HideSolutionNode = FALSE
	EndGlobalSection
	GlobalSection(NestedProjects) = preSolution
		{E1EF063D-052C-491B-BBED-A06DFF758392} = {A214C151-0602-42D8-9DE0-41BC2BC43F9E}
		{66C33434-738E-4B58-9075-9EAD74CCF642} = {E1EF063D-052C-491B-BBED-A06DFF758392}
		{7C70535E-1473-40B4-BD86-FF63EF456410} = {4746869D-7F07-4F62-87EB-A6BAFAAFF763}
		{02EA681E-C7D8-13C7-8484-4AC65E1B71E8} = {A214C151-0602-42D8-9DE0-41BC2BC43F9E}
		{3228AD40-AF30-4109-81DF-66863EF81CF4} = {02EA681E-C7D8-13C7-8484-4AC65E1B71E8}
		{F332CD19-CF60-4E71-A21F-A08087ACFF1F} = {A214C151-0602-42D8-9DE0-41BC2BC43F9E}
		{574D2CFF-21CA-4509-A09A-5B94523B9B71} = {F332CD19-CF60-4E71-A21F-A08087ACFF1F}
		{0B5546B9-E235-4A59-A25D-4CB22075E24E} = {A214C151-0602-42D8-9DE0-41BC2BC43F9E}
		{56130878-CBAC-43A8-B7D3-1F56A6D86502} = {0B5546B9-E235-4A59-A25D-4CB22075E24E}
		{6ECDC304-F8BE-4271-ADBD-56A293731C39} = {0B5546B9-E235-4A59-A25D-4CB22075E24E}
		{0A6471E3-9F85-4BA2-845C-CC4CAA60AF0C} = {0B5546B9-E235-4A59-A25D-4CB22075E24E}
		{8592C4E0-91FD-4E63-9BE4-6FDB5C290D26} = {0B5546B9-E235-4A59-A25D-4CB22075E24E}
		{8523EE57-CFAC-41F5-A8BD-0651DCEB35F9} = {4746869D-7F07-4F62-87EB-A6BAFAAFF763}
		{A5179AA9-E54E-412C-B548-3A3FCF778501} = {7A451912-B7B2-48B2-9B86-9131F39E8657}
	EndGlobalSection
	GlobalSection(ExtensibilityGlobals) = postSolution
		SolutionGuid = {EE578F3F-808F-44FF-B5E0-0A6ABFC8F3B6}
	EndGlobalSection
EndGlobal
